
Microsoft Visual Studio Solution File, Format Version 12.00
# Visual Studio Version 17
VisualStudioVersion = 17.7.34202.233
MinimumVisualStudioVersion = 10.0.40219.1
Project("{FAE04EC0-301F-11D3-BF4B-00C04F79EFBC}") = "UI", "UI\UI.csproj", "{A84A7ADA-4003-4D27-813F-47FC41024C63}"
EndProject
Project("{FAE04EC0-301F-11D3-BF4B-00C04F79EFBC}") = "Domain", "Domain\Domain.csproj", "{5CBCC7BD-9320-4F5D-9B8B-081C8C5DA821}"
EndProject
Project("{FAE04EC0-301F-11D3-BF4B-00C04F79EFBC}") = "SL", "SL\SL.csproj", "{095963F6-44FA-4580-84A6-FEE2D03DE7F6}"
EndProject
Project("{FAE04EC0-301F-11D3-BF4B-00C04F79EFBC}") = "BLL", "BLL\BLL.csproj", "{5DCC3B17-C956-4C80-B693-70B50392CF53}"
	ProjectSection(ProjectDependencies) = postProject
		{5CBCC7BD-9320-4F5D-9B8B-081C8C5DA821} = {5CBCC7BD-9320-4F5D-9B8B-081C8C5DA821}
	EndProjectSection
EndProject
Project("{FAE04EC0-301F-11D3-BF4B-00C04F79EFBC}") = "DAL", "DAL\DAL.csproj", "{AB4CA04A-E52B-4978-8817-6B85BB30AB3F}"
EndProject
Global
	GlobalSection(SolutionConfigurationPlatforms) = preSolution
		Debug|Any CPU = Debug|Any CPU
		Release|Any CPU = Release|Any CPU
	EndGlobalSection
	GlobalSection(ProjectConfigurationPlatforms) = postSolution
		{A84A7ADA-4003-4D27-813F-47FC41024C63}.Debug|Any CPU.ActiveCfg = Debug|Any CPU
		{A84A7ADA-4003-4D27-813F-47FC41024C63}.Debug|Any CPU.Build.0 = Debug|Any CPU
		{A84A7ADA-4003-4D27-813F-47FC41024C63}.Release|Any CPU.ActiveCfg = Release|Any CPU
		{A84A7ADA-4003-4D27-813F-47FC41024C63}.Release|Any CPU.Build.0 = Release|Any CPU
		{5CBCC7BD-9320-4F5D-9B8B-081C8C5DA821}.Debug|Any CPU.ActiveCfg = Debug|Any CPU
		{5CBCC7BD-9320-4F5D-9B8B-081C8C5DA821}.Debug|Any CPU.Build.0 = Debug|Any CPU
		{5CBCC7BD-9320-4F5D-9B8B-081C8C5DA821}.Release|Any CPU.ActiveCfg = Release|Any CPU
		{5CBCC7BD-9320-4F5D-9B8B-081C8C5DA821}.Release|Any CPU.Build.0 = Release|Any CPU
		{095963F6-44FA-4580-84A6-FEE2D03DE7F6}.Debug|Any CPU.ActiveCfg = Debug|Any CPU
		{095963F6-44FA-4580-84A6-FEE2D03DE7F6}.Debug|Any CPU.Build.0 = Debug|Any CPU
		{095963F6-44FA-4580-84A6-FEE2D03DE7F6}.Release|Any CPU.ActiveCfg = Release|Any CPU
		{095963F6-44FA-4580-84A6-FEE2D03DE7F6}.Release|Any CPU.Build.0 = Release|Any CPU
		{5DCC3B17-C956-4C80-B693-70B50392CF53}.Debug|Any CPU.ActiveCfg = Debug|Any CPU
		{5DCC3B17-C956-4C80-B693-70B50392CF53}.Debug|Any CPU.Build.0 = Debug|Any CPU
		{5DCC3B17-C956-4C80-B693-70B50392CF53}.Release|Any CPU.ActiveCfg = Release|Any CPU
		{5DCC3B17-C956-4C80-B693-70B50392CF53}.Release|Any CPU.Build.0 = Release|Any CPU
		{AB4CA04A-E52B-4978-8817-6B85BB30AB3F}.Debug|Any CPU.ActiveCfg = Debug|Any CPU
		{AB4CA04A-E52B-4978-8817-6B85BB30AB3F}.Debug|Any CPU.Build.0 = Debug|Any CPU
		{AB4CA04A-E52B-4978-8817-6B85BB30AB3F}.Release|Any CPU.ActiveCfg = Release|Any CPU
		{AB4CA04A-E52B-4978-8817-6B85BB30AB3F}.Release|Any CPU.Build.0 = Release|Any CPU
	EndGlobalSection
	GlobalSection(SolutionProperties) = preSolution
		HideSolutionNode = FALSE
	EndGlobalSection
	GlobalSection(ExtensibilityGlobals) = postSolution
		SolutionGuid = {03E12FD9-6E1C-472B-B607-B2AA955F2661}
	EndGlobalSection
EndGlobal
