
Microsoft Visual Studio Solution File, Format Version 12.00
# Visual Studio Version 17
VisualStudioVersion = 17.7.34202.233
MinimumVisualStudioVersion = 10.0.40219.1
Project("{FAE04EC0-301F-11D3-BF4B-00C04F79EFBC}") = "UI", "UI\UI.csproj", "{A84A7ADA-4003-4D27-813F-47FC41024C63}"
EndProject
Project("{9A19103F-16F7-4668-BE54-9A1E7A4F7556}") = "BLL", "BLL\BLL.csproj", "{5E681BA7-748F-4377-931C-9FFD41E3B275}"
EndProject
Project("{9A19103F-16F7-4668-BE54-9A1E7A4F7556}") = "DAL", "DAL\DAL.csproj", "{13011000-AD5B-4744-A22A-B72F3E4CF81D}"
EndProject
Project("{9A19103F-16F7-4668-BE54-9A1E7A4F7556}") = "Domain", "Domain\Domain.csproj", "{B0151A6B-469E-40D4-A43D-BBCF0C70C8D6}"
EndProject
Project("{FAE04EC0-301F-11D3-BF4B-00C04F79EFBC}") = "SL", "SL\SL.csproj", "{0C49ED50-99FC-4492-A820-E85570F09C89}"
EndProject
Global
	GlobalSection(SolutionConfigurationPlatforms) = preSolution
		Debug|Any CPU = Debug|Any CPU
		Release|Any CPU = Release|Any CPU
	EndGlobalSection
	GlobalSection(ProjectConfigurationPlatforms) = postSolution
		{A84A7ADA-4003-4D27-813F-47FC41024C63}.Debug|Any CPU.ActiveCfg = Debug|Any CPU
		{A84A7ADA-4003-4D27-813F-47FC41024C63}.Debug|Any CPU.Build.0 = Debug|Any CPU
		{A84A7ADA-4003-4D27-813F-47FC41024C63}.Release|Any CPU.ActiveCfg = Release|Any CPU
		{A84A7ADA-4003-4D27-813F-47FC41024C63}.Release|Any CPU.Build.0 = Release|Any CPU
		{5E681BA7-748F-4377-931C-9FFD41E3B275}.Debug|Any CPU.ActiveCfg = Debug|Any CPU
		{5E681BA7-748F-4377-931C-9FFD41E3B275}.Debug|Any CPU.Build.0 = Debug|Any CPU
		{5E681BA7-748F-4377-931C-9FFD41E3B275}.Release|Any CPU.ActiveCfg = Release|Any CPU
		{5E681BA7-748F-4377-931C-9FFD41E3B275}.Release|Any CPU.Build.0 = Release|Any CPU
		{13011000-AD5B-4744-A22A-B72F3E4CF81D}.Debug|Any CPU.ActiveCfg = Debug|Any CPU
		{13011000-AD5B-4744-A22A-B72F3E4CF81D}.Debug|Any CPU.Build.0 = Debug|Any CPU
		{13011000-AD5B-4744-A22A-B72F3E4CF81D}.Release|Any CPU.ActiveCfg = Release|Any CPU
		{13011000-AD5B-4744-A22A-B72F3E4CF81D}.Release|Any CPU.Build.0 = Release|Any CPU
		{B0151A6B-469E-40D4-A43D-BBCF0C70C8D6}.Debug|Any CPU.ActiveCfg = Debug|Any CPU
		{B0151A6B-469E-40D4-A43D-BBCF0C70C8D6}.Debug|Any CPU.Build.0 = Debug|Any CPU
		{B0151A6B-469E-40D4-A43D-BBCF0C70C8D6}.Release|Any CPU.ActiveCfg = Release|Any CPU
		{B0151A6B-469E-40D4-A43D-BBCF0C70C8D6}.Release|Any CPU.Build.0 = Release|Any CPU
		{0C49ED50-99FC-4492-A820-E85570F09C89}.Debug|Any CPU.ActiveCfg = Debug|Any CPU
		{0C49ED50-99FC-4492-A820-E85570F09C89}.Debug|Any CPU.Build.0 = Debug|Any CPU
		{0C49ED50-99FC-4492-A820-E85570F09C89}.Release|Any CPU.ActiveCfg = Release|Any CPU
		{0C49ED50-99FC-4492-A820-E85570F09C89}.Release|Any CPU.Build.0 = Release|Any CPU
	EndGlobalSection
	GlobalSection(SolutionProperties) = preSolution
		HideSolutionNode = FALSE
	EndGlobalSection
	GlobalSection(ExtensibilityGlobals) = postSolution
		SolutionGuid = {03E12FD9-6E1C-472B-B607-B2AA955F2661}
	EndGlobalSection
EndGlobal
